version: 6
environments:
  default:
    channels:
    - url: https://repo.prefix.dev/brads-forge/
    - url: https://conda.anaconda.org/conda-forge/
    packages:
      linux-64:
      - conda: https://conda.anaconda.org/conda-forge/linux-64/_libgcc_mutex-0.1-conda_forge.tar.bz2
      - conda: https://conda.anaconda.org/conda-forge/linux-64/_openmp_mutex-4.5-2_gnu.tar.bz2
      - conda: https://conda.anaconda.org/conda-forge/linux-64/age-1.2.1-ha770c72_0.conda
      - conda: https://conda.anaconda.org/conda-forge/linux-64/ca-certificates-2024.12.14-hbcca054_0.conda
      - conda: https://repo.prefix.dev/brads-forge/linux-64/cocogitto-6.2.0-h81b34b9_2.conda
      - conda: https://repo.prefix.dev/brads-forge/linux-64/deno-2.1.5-h81b34b9_2.conda
      - conda: https://repo.prefix.dev/brads-forge/linux-64/dprint-0.48.0-h81b34b9_2.conda
      - conda: https://conda.anaconda.org/conda-forge/linux-64/go-shfmt-3.10.0-h85d4a8e_0.conda
      - conda: https://conda.anaconda.org/conda-forge/linux-64/go-sops-3.9.2-ha770c72_1.conda
      - conda: https://conda.anaconda.org/conda-forge/linux-64/icu-75.1-he02047a_0.conda
      - conda: https://repo.prefix.dev/brads-forge/linux-64/lefthook-1.10.3-h81b34b9_2.conda
      - conda: https://conda.anaconda.org/conda-forge/linux-64/libgcc-14.2.0-h77fa898_1.conda
      - conda: https://conda.anaconda.org/conda-forge/linux-64/libgcc-ng-14.2.0-h69a702a_1.conda
      - conda: https://conda.anaconda.org/conda-forge/linux-64/libgomp-14.2.0-h77fa898_1.conda
      - conda: https://conda.anaconda.org/conda-forge/linux-64/libstdcxx-14.2.0-hc0a3c3a_1.conda
      - conda: https://conda.anaconda.org/conda-forge/linux-64/libstdcxx-ng-14.2.0-h4852527_1.conda
      - conda: https://conda.anaconda.org/conda-forge/linux-64/libuv-1.49.2-hb9d3cd8_0.conda
      - conda: https://conda.anaconda.org/conda-forge/linux-64/libzlib-1.3.1-hb9d3cd8_2.conda
      - conda: https://conda.anaconda.org/conda-forge/linux-64/nodejs-22.12.0-hf235a45_0.conda
      - conda: https://conda.anaconda.org/conda-forge/linux-64/openssl-3.4.0-h7b32b05_1.conda
      - conda: https://conda.anaconda.org/conda-forge/linux-64/oras-1.2.0-ha8f183a_0.conda
      - conda: https://repo.prefix.dev/brads-forge/linux-64/task-3.40.1-h81b34b9_2.conda
      - conda: https://conda.anaconda.org/conda-forge/linux-64/terraform-1.10.4-h76a2195_0.conda
      - conda: https://repo.prefix.dev/brads-forge/linux-64/virtctl-1.4.0-h81b34b9_0.conda
      - conda: https://conda.anaconda.org/conda-forge/linux-64/zlib-1.3.1-hb9d3cd8_2.conda
packages:
- conda: https://conda.anaconda.org/conda-forge/linux-64/_libgcc_mutex-0.1-conda_forge.tar.bz2
  sha256: fe51de6107f9edc7aa4f786a70f4a883943bc9d39b3bb7307c04c41410990726
  md5: d7c89558ba9fa0495403155b64376d81
  license: None
  size: 2562
  timestamp: 1578324546067
- conda: https://conda.anaconda.org/conda-forge/linux-64/_openmp_mutex-4.5-2_gnu.tar.bz2
  build_number: 16
  sha256: fbe2c5e56a653bebb982eda4876a9178aedfc2b545f25d0ce9c4c0b508253d22
  md5: 73aaf86a425cc6e73fcf236a5a46396d
  depends:
  - _libgcc_mutex 0.1 conda_forge
  - libgomp >=7.5.0
  constrains:
  - openmp_impl 9999
  license: BSD-3-Clause
  license_family: BSD
  size: 23621
  timestamp: 1650670423406
- conda: https://conda.anaconda.org/conda-forge/linux-64/age-1.2.1-ha770c72_0.conda
  sha256: e49efd011f35d7cad38aa846bc36904ca48bf256442a72cdb169598ee14c4564
  md5: 70fd7ac28861e630e9f761a21642b06b
  license: BSD-3-Clause
  license_family: BSD
  size: 4193259
  timestamp: 1734647222133
- conda: https://conda.anaconda.org/conda-forge/linux-64/ca-certificates-2024.12.14-hbcca054_0.conda
  sha256: 1afd7274cbc9a334d6d0bc62fa760acc7afdaceb0b91a8df370ec01fd75dc7dd
  md5: 720523eb0d6a9b0f6120c16b2aa4e7de
  license: ISC
  size: 157088
  timestamp: 1734208393264
- conda: https://repo.prefix.dev/brads-forge/linux-64/cocogitto-6.2.0-h81b34b9_2.conda
  sha256: b0b117d0951f1c28cad2329a62a08cce5128e8e0eb4362fa3db8da4710a62ed1
  license: MIT
  size: 2860349
  timestamp: 1734165589549
- conda: https://repo.prefix.dev/brads-forge/linux-64/deno-2.1.5-h81b34b9_2.conda
  sha256: 4a6254b3eb0128026bc6519b90a26fecda40e37f283c384583a514c3bc2ddf45
  license: MIT
  size: 43024986
  timestamp: 1736480610535
- conda: https://repo.prefix.dev/brads-forge/linux-64/dprint-0.48.0-h81b34b9_2.conda
  sha256: 7166091baac950afae5141da0cab667c1c208ba84754f30a98454221aa077231
  license: MIT
  size: 7483714
  timestamp: 1734838991991
- conda: https://conda.anaconda.org/conda-forge/linux-64/go-shfmt-3.10.0-h85d4a8e_0.conda
  sha256: 500fe5ddb2834f474b5d25d3bcf07eb88cdb6e511d43f2685a02d10758b0b0ca
  md5: c088b58a804d0acadfa8128872c6241c
  license: BSD-3-Clause
  license_family: BSD
  size: 2386651
  timestamp: 1729589038376
- conda: https://conda.anaconda.org/conda-forge/linux-64/go-sops-3.9.2-ha770c72_1.conda
  sha256: 9ec637ef9e037f00edd98e6ce038d0df1a6f9d62fc1f7ef7d123b917283622f8
  md5: b520dd083da26729e73cd2c3b4b0a00d
  license: MPL-2.0
  license_family: MOZILLA
  size: 23360985
  timestamp: 1733321943503
- conda: https://conda.anaconda.org/conda-forge/linux-64/icu-75.1-he02047a_0.conda
  sha256: 71e750d509f5fa3421087ba88ef9a7b9be11c53174af3aa4d06aff4c18b38e8e
  md5: 8b189310083baabfb622af68fd9d3ae3
  depends:
  - __glibc >=2.17,<3.0.a0
  - libgcc-ng >=12
  - libstdcxx-ng >=12
  license: MIT
  license_family: MIT
  size: 12129203
  timestamp: 1720853576813
- conda: https://repo.prefix.dev/brads-forge/linux-64/lefthook-1.10.3-h81b34b9_2.conda
  sha256: ebb45a98085256638f49eb63148ea61dc99a8b9b6e55c918acc3a514838f8813
  license: MIT
  size: 4751690
  timestamp: 1736566886730
- conda: https://conda.anaconda.org/conda-forge/linux-64/libgcc-14.2.0-h77fa898_1.conda
  sha256: 53eb8a79365e58849e7b1a068d31f4f9e718dc938d6f2c03e960345739a03569
  md5: 3cb76c3f10d3bc7f1105b2fc9db984df
  depends:
  - _libgcc_mutex 0.1 conda_forge
  - _openmp_mutex >=4.5
  constrains:
  - libgomp 14.2.0 h77fa898_1
  - libgcc-ng ==14.2.0=*_1
  license: GPL-3.0-only WITH GCC-exception-3.1
  license_family: GPL
  size: 848745
  timestamp: 1729027721139
- conda: https://conda.anaconda.org/conda-forge/linux-64/libgcc-ng-14.2.0-h69a702a_1.conda
  sha256: 3a76969c80e9af8b6e7a55090088bc41da4cffcde9e2c71b17f44d37b7cb87f7
  md5: e39480b9ca41323497b05492a63bc35b
  depends:
  - libgcc 14.2.0 h77fa898_1
  license: GPL-3.0-only WITH GCC-exception-3.1
  license_family: GPL
  size: 54142
  timestamp: 1729027726517
- conda: https://conda.anaconda.org/conda-forge/linux-64/libgomp-14.2.0-h77fa898_1.conda
  sha256: 1911c29975ec99b6b906904040c855772ccb265a1c79d5d75c8ceec4ed89cd63
  md5: cc3573974587f12dda90d96e3e55a702
  depends:
  - _libgcc_mutex 0.1 conda_forge
  license: GPL-3.0-only WITH GCC-exception-3.1
  license_family: GPL
  size: 460992
  timestamp: 1729027639220
- conda: https://conda.anaconda.org/conda-forge/linux-64/libstdcxx-14.2.0-hc0a3c3a_1.conda
  sha256: 4661af0eb9bdcbb5fb33e5d0023b001ad4be828fccdcc56500059d56f9869462
  md5: 234a5554c53625688d51062645337328
  depends:
  - libgcc 14.2.0 h77fa898_1
  license: GPL-3.0-only WITH GCC-exception-3.1
  license_family: GPL
  size: 3893695
  timestamp: 1729027746910
- conda: https://conda.anaconda.org/conda-forge/linux-64/libstdcxx-ng-14.2.0-h4852527_1.conda
  sha256: 25bb30b827d4f6d6f0522cc0579e431695503822f144043b93c50237017fffd8
  md5: 8371ac6457591af2cf6159439c1fd051
  depends:
  - libstdcxx 14.2.0 hc0a3c3a_1
  license: GPL-3.0-only WITH GCC-exception-3.1
  license_family: GPL
  size: 54105
  timestamp: 1729027780628
- conda: https://conda.anaconda.org/conda-forge/linux-64/libuv-1.49.2-hb9d3cd8_0.conda
  sha256: a35cd81cd1a9add11024097da83cc06b0aae83186fe4124b77710876f37d8f31
  md5: 070e3c9ddab77e38799d5c30b109c633
  depends:
  - __glibc >=2.17,<3.0.a0
  - libgcc >=13
  license: MIT
  license_family: MIT
  size: 884647
  timestamp: 1729322566955
- conda: https://conda.anaconda.org/conda-forge/linux-64/libzlib-1.3.1-hb9d3cd8_2.conda
  sha256: d4bfe88d7cb447768e31650f06257995601f89076080e76df55e3112d4e47dc4
  md5: edb0dca6bc32e4f4789199455a1dbeb8
  depends:
  - __glibc >=2.17,<3.0.a0
  - libgcc >=13
  constrains:
  - zlib 1.3.1 *_2
  license: Zlib
  license_family: Other
  size: 60963
  timestamp: 1727963148474
- conda: https://conda.anaconda.org/conda-forge/linux-64/nodejs-22.12.0-hf235a45_0.conda
  sha256: 1a519b80bc3d5afddeccb593711df2e60ac48ecf3e903f7bdc279f64f7210fc4
  md5: 30458a23bf5568d2bc0e1fed6a4e2b12
  depends:
  - __glibc >=2.28,<3.0.a0
  - icu >=75.1,<76.0a0
  - libgcc >=13
  - libstdcxx >=13
  - libuv >=1.49.2,<2.0a0
  - libzlib >=1.3.1,<2.0a0
  - openssl >=3.4.0,<4.0a0
  - zlib
  license: MIT
  license_family: MIT
  size: 21796933
  timestamp: 1734113054756
- conda: https://conda.anaconda.org/conda-forge/linux-64/openssl-3.4.0-h7b32b05_1.conda
  sha256: f62f6bca4a33ca5109b6d571b052a394d836956d21b25b7ffd03376abf7a481f
  md5: 4ce6875f75469b2757a65e10a5d05e31
  depends:
  - __glibc >=2.17,<3.0.a0
  - ca-certificates
  - libgcc >=13
  license: Apache-2.0
  license_family: Apache
  size: 2937158
  timestamp: 1736086387286
- conda: https://conda.anaconda.org/conda-forge/linux-64/oras-1.2.0-ha8f183a_0.conda
  sha256: 347727ff7742a93ff91d313e766c29d5c791692e86d7e55d9941128054421240
  md5: b49447dba28528f9c8499dd66f8f7119
  license: Apache-2.0
  license_family: APACHE
  size: 3478196
  timestamp: 1717155153399
- conda: https://repo.prefix.dev/brads-forge/linux-64/task-3.40.1-h81b34b9_2.conda
  sha256: 70a91025d82879a42820e1f6167e94b26c829a0789f30b59472a4c024d0cdfcc
  license: MIT
  size: 5885331
  timestamp: 1734165541125
- conda: https://conda.anaconda.org/conda-forge/linux-64/terraform-1.10.4-h76a2195_0.conda
  sha256: cce03a1eac0d0f46f5197a03ee6199f8ca7f6014d844956815df5c2da1ca7602
  md5: d27279f1505b141c2e7d79fe6f0c470d
  depends:
  - __glibc >=2.17,<3.0.a0
  license: BUSL-1.1
  size: 20272477
  timestamp: 1736351105281
- conda: https://repo.prefix.dev/brads-forge/linux-64/virtctl-1.4.0-h81b34b9_0.conda
  sha256: 1370594cfc34b022774f7377a845024ccdcfd64855c2c07523f5da68049bfada
  license: Apache-2.0
  size: 13472267
  timestamp: 1736585527368
- conda: https://conda.anaconda.org/conda-forge/linux-64/zlib-1.3.1-hb9d3cd8_2.conda
  sha256: 5d7c0e5f0005f74112a34a7425179f4eb6e73c92f5d109e6af4ddeca407c92ab
  md5: c9f075ab2f33b3bbee9e62d4ad0a6cd8
  depends:
  - __glibc >=2.17,<3.0.a0
  - libgcc >=13
  - libzlib 1.3.1 hb9d3cd8_2
  license: Zlib
  license_family: Other
  size: 92286
  timestamp: 1727963153079
