version: 6
environments:
  default:
    channels:
    - url: https://repo.prefix.dev/brads-forge/
    - url: https://conda.anaconda.org/conda-forge/
    packages:
      linux-64:
      - conda: https://conda.anaconda.org/conda-forge/linux-64/age-1.2.1-ha770c72_0.conda
      - conda: https://repo.prefix.dev/brads-forge/linux-64/cocogitto-6.2.0-h81b34b9_2.conda
      - conda: https://repo.prefix.dev/brads-forge/linux-64/deno-2.1.4-h81b34b9_2.conda
      - conda: https://repo.prefix.dev/brads-forge/linux-64/dprint-0.48.0-h81b34b9_2.conda
      - conda: https://conda.anaconda.org/conda-forge/linux-64/go-shfmt-3.10.0-h85d4a8e_0.conda
      - conda: https://conda.anaconda.org/conda-forge/linux-64/go-sops-3.9.2-ha770c72_1.conda
      - conda: https://repo.prefix.dev/brads-forge/linux-64/lefthook-1.10.0-h81b34b9_2.conda
      - conda: https://conda.anaconda.org/conda-forge/linux-64/oras-1.2.0-ha8f183a_0.conda
      - conda: https://repo.prefix.dev/brads-forge/linux-64/task-3.40.1-h81b34b9_2.conda
packages:
- conda: https://conda.anaconda.org/conda-forge/linux-64/age-1.2.1-ha770c72_0.conda
  sha256: e49efd011f35d7cad38aa846bc36904ca48bf256442a72cdb169598ee14c4564
  md5: 70fd7ac28861e630e9f761a21642b06b
  license: BSD-3-Clause
  license_family: BSD
  size: 4193259
  timestamp: 1734647222133
- conda: https://repo.prefix.dev/brads-forge/linux-64/cocogitto-6.2.0-h81b34b9_2.conda
  sha256: b0b117d0951f1c28cad2329a62a08cce5128e8e0eb4362fa3db8da4710a62ed1
  license: MIT
  size: 2860349
  timestamp: 1734165589549
- conda: https://repo.prefix.dev/brads-forge/linux-64/deno-2.1.4-h81b34b9_2.conda
  sha256: 2bfd85885d47e8ce2ccbfc8731a904043a1a2596e5f5338d2236e5832d9a5f84
  license: MIT
  size: 43565849
  timestamp: 1734175121515
- conda: https://repo.prefix.dev/brads-forge/linux-64/dprint-0.48.0-h81b34b9_2.conda
  sha256: 7166091baac950afae5141da0cab667c1c208ba84754f30a98454221aa077231
  license: MIT
  size: 7483714
  timestamp: 1734838991991
- conda: https://conda.anaconda.org/conda-forge/linux-64/go-shfmt-3.10.0-h85d4a8e_0.conda
  sha256: 500fe5ddb2834f474b5d25d3bcf07eb88cdb6e511d43f2685a02d10758b0b0ca
  md5: c088b58a804d0acadfa8128872c6241c
  license: BSD-3-Clause
  license_family: BSD
  size: 2386651
  timestamp: 1729589038376
- conda: https://conda.anaconda.org/conda-forge/linux-64/go-sops-3.9.2-ha770c72_1.conda
  sha256: 9ec637ef9e037f00edd98e6ce038d0df1a6f9d62fc1f7ef7d123b917283622f8
  md5: b520dd083da26729e73cd2c3b4b0a00d
  arch: x86_64
  platform: linux
  license: MPL-2.0
  license_family: MOZILLA
  size: 23360985
  timestamp: 1733321943503
- conda: https://repo.prefix.dev/brads-forge/linux-64/lefthook-1.10.0-h81b34b9_2.conda
  sha256: ed370a7e6b73011e2545ef62af8ca3608540c39b636fb4ff453b321c828e76e6
  license: MIT
  size: 3985916
  timestamp: 1734666143614
- conda: https://conda.anaconda.org/conda-forge/linux-64/oras-1.2.0-ha8f183a_0.conda
  sha256: 347727ff7742a93ff91d313e766c29d5c791692e86d7e55d9941128054421240
  md5: b49447dba28528f9c8499dd66f8f7119
  license: Apache-2.0
  license_family: APACHE
  size: 3478196
  timestamp: 1717155153399
- conda: https://repo.prefix.dev/brads-forge/linux-64/task-3.40.1-h81b34b9_2.conda
  sha256: 70a91025d82879a42820e1f6167e94b26c829a0789f30b59472a4c024d0cdfcc
  license: MIT
  size: 5885331
  timestamp: 1734165541125
